
Microsoft Visual Studio Solution File, Format Version 12.00
# Visual Studio Version 16
VisualStudioVersion = 16.0.29123.88
MinimumVisualStudioVersion = 10.0.40219.1
Project("{9A19103F-16F7-4668-BE54-9A1E7A4F7556}") = "implicit-flow-demo-api", "implicit-flow-demo-api.csproj", "{711828E2-E5EA-415D-BD09-E52450C3D081}"
EndProject
Global
	GlobalSection(SolutionConfigurationPlatforms) = preSolution
		Debug|Any CPU = Debug|Any CPU
		Release|Any CPU = Release|Any CPU
	EndGlobalSection
	GlobalSection(ProjectConfigurationPlatforms) = postSolution
		{711828E2-E5EA-415D-BD09-E52450C3D081}.Debug|Any CPU.ActiveCfg = Debug|Any CPU
		{711828E2-E5EA-415D-BD09-E52450C3D081}.Debug|Any CPU.Build.0 = Debug|Any CPU
		{711828E2-E5EA-415D-BD09-E52450C3D081}.Release|Any CPU.ActiveCfg = Release|Any CPU
		{711828E2-E5EA-415D-BD09-E52450C3D081}.Release|Any CPU.Build.0 = Release|Any CPU
	EndGlobalSection
	GlobalSection(SolutionProperties) = preSolution
		HideSolutionNode = FALSE
	EndGlobalSection
	GlobalSection(ExtensibilityGlobals) = postSolution
		SolutionGuid = {43B96448-C4E7-453D-95EB-2EB938CE386E}
	EndGlobalSection
EndGlobal
